
Microsoft Visual Studio Solution File, Format Version 11.00
# Visual Studio 2010
Project("{FAE04EC0-301F-11D3-BF4B-00C04F79EFBC}") = "UMVC", "Assembly-CSharp.csproj", "{63B7A6C4-9F68-CC4D-FB2F-96B4D8F540D3}"
EndProject
Project("{FAE04EC0-301F-11D3-BF4B-00C04F79EFBC}") = "UMVC", "Assembly-CSharp-Editor.csproj", "{9F9D2AB4-C200-413B-2803-57988B20ADAE}"
EndProject
Global
	GlobalSection(SolutionConfigurationPlatforms) = preSolution
		Debug|Any CPU = Debug|Any CPU
		Release|Any CPU = Release|Any CPU
	EndGlobalSection
	GlobalSection(ProjectConfigurationPlatforms) = postSolution
		{63B7A6C4-9F68-CC4D-FB2F-96B4D8F540D3}.Debug|Any CPU.ActiveCfg = Debug|Any CPU
		{63B7A6C4-9F68-CC4D-FB2F-96B4D8F540D3}.Debug|Any CPU.Build.0 = Debug|Any CPU
		{63B7A6C4-9F68-CC4D-FB2F-96B4D8F540D3}.Release|Any CPU.ActiveCfg = Release|Any CPU
		{63B7A6C4-9F68-CC4D-FB2F-96B4D8F540D3}.Release|Any CPU.Build.0 = Release|Any CPU
		{9F9D2AB4-C200-413B-2803-57988B20ADAE}.Debug|Any CPU.ActiveCfg = Debug|Any CPU
		{9F9D2AB4-C200-413B-2803-57988B20ADAE}.Debug|Any CPU.Build.0 = Debug|Any CPU
		{9F9D2AB4-C200-413B-2803-57988B20ADAE}.Release|Any CPU.ActiveCfg = Release|Any CPU
		{9F9D2AB4-C200-413B-2803-57988B20ADAE}.Release|Any CPU.Build.0 = Release|Any CPU
	EndGlobalSection
	GlobalSection(SolutionProperties) = preSolution
		HideSolutionNode = FALSE
	EndGlobalSection
	GlobalSection(MonoDevelopProperties) = preSolution
		StartupItem = Assembly-CSharp.csproj
	EndGlobalSection
EndGlobal
